// !$*UTF8*$!
{
	archiveVersion = 1;
	classes = {
	};
	objectVersion = 50;
	objects = {

/* Begin PBXBuildFile section */
		3810282A24ABE91D009F82EA /* MemoryGame.swift in Sources */ = {isa = PBXBuildFile; fileRef = 3810282924ABE91D009F82EA /* MemoryGame.swift */; };
		38199F2124ABE43F006C06CC /* Assets.xcassets in Resources */ = {isa = PBXBuildFile; fileRef = 38199F2024ABE43F006C06CC /* Assets.xcassets */; };
		38199F2424ABE43F006C06CC /* Preview Assets.xcassets in Resources */ = {isa = PBXBuildFile; fileRef = 38199F2324ABE43F006C06CC /* Preview Assets.xcassets */; };
		38A6BBBA24B4BBB5007ED95E /* GridLayout.swift in Sources */ = {isa = PBXBuildFile; fileRef = 38A6BBB824B4BBB5007ED95E /* GridLayout.swift */; };
		38A6BBBB24B4BBB5007ED95E /* Grid.swift in Sources */ = {isa = PBXBuildFile; fileRef = 38A6BBB924B4BBB5007ED95E /* Grid.swift */; };
		38A6BBBF24B4C410007ED95E /* Pie.swift in Sources */ = {isa = PBXBuildFile; fileRef = 38A6BBBE24B4C410007ED95E /* Pie.swift */; };
		38A703AB24B389300047CD4D /* EmojiMemoryGameView.swift in Sources */ = {isa = PBXBuildFile; fileRef = 38A703AA24B389300047CD4D /* EmojiMemoryGameView.swift */; };
		38A703B124B3894C0047CD4D /* EmojiMemoryGame.swift in Sources */ = {isa = PBXBuildFile; fileRef = 38A703B024B3894C0047CD4D /* EmojiMemoryGame.swift */; };
		38A703B624B38A190047CD4D /* MemorizeApp.swift in Sources */ = {isa = PBXBuildFile; fileRef = 38A703B524B38A190047CD4D /* MemorizeApp.swift */; };
		38A703B924B3A28F0047CD4D /* Array+Identifiable.swift in Sources */ = {isa = PBXBuildFile; fileRef = 38A703B824B3A28F0047CD4D /* Array+Identifiable.swift */; };
		38A703BC24B3F9190047CD4D /* Array+Only.swift in Sources */ = {isa = PBXBuildFile; fileRef = 38A703BB24B3F9190047CD4D /* Array+Only.swift */; };
/* End PBXBuildFile section */

/* Begin PBXFileReference section */
		3810282924ABE91D009F82EA /* MemoryGame.swift */ = {isa = PBXFileReference; lastKnownFileType = sourcecode.swift; path = MemoryGame.swift; sourceTree = "<group>"; };
		38199F1924ABE43E006C06CC /* Memorize.app */ = {isa = PBXFileReference; explicitFileType = wrapper.application; includeInIndex = 0; path = Memorize.app; sourceTree = BUILT_PRODUCTS_DIR; };
		38199F2024ABE43F006C06CC /* Assets.xcassets */ = {isa = PBXFileReference; lastKnownFileType = folder.assetcatalog; path = Assets.xcassets; sourceTree = "<group>"; };
		38199F2324ABE43F006C06CC /* Preview Assets.xcassets */ = {isa = PBXFileReference; lastKnownFileType = folder.assetcatalog; path = "Preview Assets.xcassets"; sourceTree = "<group>"; };
		38199F2524ABE43F006C06CC /* Info.plist */ = {isa = PBXFileReference; lastKnownFileType = text.plist.xml; path = Info.plist; sourceTree = "<group>"; };
		38A6BBB824B4BBB5007ED95E /* GridLayout.swift */ = {isa = PBXFileReference; fileEncoding = 4; lastKnownFileType = sourcecode.swift; path = GridLayout.swift; sourceTree = "<group>"; };
		38A6BBB924B4BBB5007ED95E /* Grid.swift */ = {isa = PBXFileReference; fileEncoding = 4; lastKnownFileType = sourcecode.swift; path = Grid.swift; sourceTree = "<group>"; };
		38A6BBBE24B4C410007ED95E /* Pie.swift */ = {isa = PBXFileReference; lastKnownFileType = sourcecode.swift; path = Pie.swift; sourceTree = "<group>"; };
		38A703AA24B389300047CD4D /* EmojiMemoryGameView.swift */ = {isa = PBXFileReference; fileEncoding = 4; lastKnownFileType = sourcecode.swift; name = EmojiMemoryGameView.swift; path = View/EmojiMemoryGameView.swift; sourceTree = "<group>"; };
		38A703B024B3894C0047CD4D /* EmojiMemoryGame.swift */ = {isa = PBXFileReference; fileEncoding = 4; lastKnownFileType = sourcecode.swift; name = EmojiMemoryGame.swift; path = ViewModel/EmojiMemoryGame.swift; sourceTree = "<group>"; };
		38A703B524B38A190047CD4D /* MemorizeApp.swift */ = {isa = PBXFileReference; fileEncoding = 4; lastKnownFileType = sourcecode.swift; path = MemorizeApp.swift; sourceTree = "<group>"; };
		38A703B824B3A28F0047CD4D /* Array+Identifiable.swift */ = {isa = PBXFileReference; lastKnownFileType = sourcecode.swift; path = "Array+Identifiable.swift"; sourceTree = "<group>"; };
		38A703BB24B3F9190047CD4D /* Array+Only.swift */ = {isa = PBXFileReference; lastKnownFileType = sourcecode.swift; path = "Array+Only.swift"; sourceTree = "<group>"; };
/* End PBXFileReference section */

/* Begin PBXFrameworksBuildPhase section */
		38199F1624ABE43E006C06CC /* Frameworks */ = {
			isa = PBXFrameworksBuildPhase;
			buildActionMask = 2147483647;
			files = (
			);
			runOnlyForDeploymentPostprocessing = 0;
		};
/* End PBXFrameworksBuildPhase section */

/* Begin PBXGroup section */
		3810282524ABE799009F82EA /* ViewModel */ = {
			isa = PBXGroup;
			children = (
				38A703B024B3894C0047CD4D /* EmojiMemoryGame.swift */,
			);
			name = ViewModel;
			sourceTree = "<group>";
		};
		3810282624ABE7A6009F82EA /* View */ = {
			isa = PBXGroup;
			children = (
				38A6BBB724B4BBB5007ED95E /* Architecture */,
				38A703AA24B389300047CD4D /* EmojiMemoryGameView.swift */,
				38199F2024ABE43F006C06CC /* Assets.xcassets */,
			);
			name = View;
			sourceTree = "<group>";
		};
		3810282724ABE7AB009F82EA /* Model */ = {
			isa = PBXGroup;
			children = (
				3810282924ABE91D009F82EA /* MemoryGame.swift */,
			);
			path = Model;
			sourceTree = "<group>";
		};
		38199F1024ABE43E006C06CC = {
			isa = PBXGroup;
			children = (
				38199F1B24ABE43E006C06CC /* Memorize */,
				38199F1A24ABE43E006C06CC /* Products */,
			);
			sourceTree = "<group>";
		};
		38199F1A24ABE43E006C06CC /* Products */ = {
			isa = PBXGroup;
			children = (
				38199F1924ABE43E006C06CC /* Memorize.app */,
			);
			name = Products;
			sourceTree = "<group>";
		};
		38199F1B24ABE43E006C06CC /* Memorize */ = {
			isa = PBXGroup;
			children = (
				38199F2524ABE43F006C06CC /* Info.plist */,
				38A703B724B3A27A0047CD4D /* Extension */,
				38A703B424B38A070047CD4D /* Default */,
				3810282724ABE7AB009F82EA /* Model */,
				3810282624ABE7A6009F82EA /* View */,
				3810282524ABE799009F82EA /* ViewModel */,
				38199F2224ABE43F006C06CC /* Preview Content */,
			);
			path = Memorize;
			sourceTree = "<group>";
		};
		38199F2224ABE43F006C06CC /* Preview Content */ = {
			isa = PBXGroup;
			children = (
				38199F2324ABE43F006C06CC /* Preview Assets.xcassets */,
			);
			path = "Preview Content";
			sourceTree = "<group>";
		};
		38A6BBB724B4BBB5007ED95E /* Architecture */ = {
			isa = PBXGroup;
			children = (
				38A6BBBD24B4C3ED007ED95E /* Pie */,
				38A6BBBC24B4C3E1007ED95E /* Grid */,
			);
			name = Architecture;
			path = View/Architecture;
			sourceTree = "<group>";
		};
		38A6BBBC24B4C3E1007ED95E /* Grid */ = {
			isa = PBXGroup;
			children = (
				38A6BBB924B4BBB5007ED95E /* Grid.swift */,
				38A6BBB824B4BBB5007ED95E /* GridLayout.swift */,
			);
			name = Grid;
			sourceTree = "<group>";
		};
		38A6BBBD24B4C3ED007ED95E /* Pie */ = {
			isa = PBXGroup;
			children = (
				38A6BBBE24B4C410007ED95E /* Pie.swift */,
			);
			path = Pie;
			sourceTree = "<group>";
		};
		38A703B424B38A070047CD4D /* Default */ = {
			isa = PBXGroup;
			children = (
				38A703B524B38A190047CD4D /* MemorizeApp.swift */,
			);
			name = Default;
			sourceTree = "<group>";
		};
		38A703B724B3A27A0047CD4D /* Extension */ = {
			isa = PBXGroup;
			children = (
				38A703BA24B3A3310047CD4D /* Array */,
			);
			path = Extension;
			sourceTree = "<group>";
		};
		38A703BA24B3A3310047CD4D /* Array */ = {
			isa = PBXGroup;
			children = (
				38A703B824B3A28F0047CD4D /* Array+Identifiable.swift */,
				38A703BB24B3F9190047CD4D /* Array+Only.swift */,
			);
			name = Array;
			sourceTree = "<group>";
		};
/* End PBXGroup section */

/* Begin PBXNativeTarget section */
		38199F1824ABE43E006C06CC /* Memorize */ = {
			isa = PBXNativeTarget;
			buildConfigurationList = 38199F2824ABE43F006C06CC /* Build configuration list for PBXNativeTarget "Memorize" */;
			buildPhases = (
				38199F1524ABE43E006C06CC /* Sources */,
				38199F1624ABE43E006C06CC /* Frameworks */,
				38199F1724ABE43E006C06CC /* Resources */,
			);
			buildRules = (
			);
			dependencies = (
			);
			name = Memorize;
			productName = Memorize;
			productReference = 38199F1924ABE43E006C06CC /* Memorize.app */;
			productType = "com.apple.product-type.application";
		};
/* End PBXNativeTarget section */

/* Begin PBXProject section */
		38199F1124ABE43E006C06CC /* Project object */ = {
			isa = PBXProject;
			attributes = {
				LastSwiftUpdateCheck = 1200;
				LastUpgradeCheck = 1200;
				TargetAttributes = {
					38199F1824ABE43E006C06CC = {
						CreatedOnToolsVersion = 12.0;
					};
				};
			};
			buildConfigurationList = 38199F1424ABE43E006C06CC /* Build configuration list for PBXProject "Memorize" */;
			compatibilityVersion = "Xcode 9.3";
			developmentRegion = en;
			hasScannedForEncodings = 0;
			knownRegions = (
				en,
				Base,
			);
			mainGroup = 38199F1024ABE43E006C06CC;
			productRefGroup = 38199F1A24ABE43E006C06CC /* Products */;
			projectDirPath = "";
			projectRoot = "";
			targets = (
				38199F1824ABE43E006C06CC /* Memorize */,
			);
		};
/* End PBXProject section */

/* Begin PBXResourcesBuildPhase section */
		38199F1724ABE43E006C06CC /* Resources */ = {
			isa = PBXResourcesBuildPhase;
			buildActionMask = 2147483647;
			files = (
				38199F2424ABE43F006C06CC /* Preview Assets.xcassets in Resources */,
				38199F2124ABE43F006C06CC /* Assets.xcassets in Resources */,
			);
			runOnlyForDeploymentPostprocessing = 0;
		};
/* End PBXResourcesBuildPhase section */

/* Begin PBXSourcesBuildPhase section */
		38199F1524ABE43E006C06CC /* Sources */ = {
			isa = PBXSourcesBuildPhase;
			buildActionMask = 2147483647;
			files = (
				38A703AB24B389300047CD4D /* EmojiMemoryGameView.swift in Sources */,
				3810282A24ABE91D009F82EA /* MemoryGame.swift in Sources */,
				38A703B124B3894C0047CD4D /* EmojiMemoryGame.swift in Sources */,
				38A6BBBF24B4C410007ED95E /* Pie.swift in Sources */,
				38A6BBBB24B4BBB5007ED95E /* Grid.swift in Sources */,
				38A703B624B38A190047CD4D /* MemorizeApp.swift in Sources */,
				38A703B924B3A28F0047CD4D /* Array+Identifiable.swift in Sources */,
				38A6BBBA24B4BBB5007ED95E /* GridLayout.swift in Sources */,
				38A703BC24B3F9190047CD4D /* Array+Only.swift in Sources */,
			);
			runOnlyForDeploymentPostprocessing = 0;
		};
/* End PBXSourcesBuildPhase section */

/* Begin XCBuildConfiguration section */
		38199F2624ABE43F006C06CC /* Debug */ = {
			isa = XCBuildConfiguration;
			buildSettings = {
				ALWAYS_SEARCH_USER_PATHS = NO;
				CLANG_ANALYZER_NONNULL = YES;
				CLANG_ANALYZER_NUMBER_OBJECT_CONVERSION = YES_AGGRESSIVE;
				CLANG_CXX_LANGUAGE_STANDARD = "gnu++14";
				CLANG_CXX_LIBRARY = "libc++";
				CLANG_ENABLE_MODULES = YES;
				CLANG_ENABLE_OBJC_ARC = YES;
				CLANG_ENABLE_OBJC_WEAK = YES;
				CLANG_WARN_BLOCK_CAPTURE_AUTORELEASING = YES;
				CLANG_WARN_BOOL_CONVERSION = YES;
				CLANG_WARN_COMMA = YES;
				CLANG_WARN_CONSTANT_CONVERSION = YES;
				CLANG_WARN_DEPRECATED_OBJC_IMPLEMENTATIONS = YES;
				CLANG_WARN_DIRECT_OBJC_ISA_USAGE = YES_ERROR;
				CLANG_WARN_DOCUMENTATION_COMMENTS = YES;
				CLANG_WARN_EMPTY_BODY = YES;
				CLANG_WARN_ENUM_CONVERSION = YES;
				CLANG_WARN_INFINITE_RECURSION = YES;
				CLANG_WARN_INT_CONVERSION = YES;
				CLANG_WARN_NON_LITERAL_NULL_CONVERSION = YES;
				CLANG_WARN_OBJC_IMPLICIT_RETAIN_SELF = YES;
				CLANG_WARN_OBJC_LITERAL_CONVERSION = YES;
				CLANG_WARN_OBJC_ROOT_CLASS = YES_ERROR;
				CLANG_WARN_QUOTED_INCLUDE_IN_FRAMEWORK_HEADER = YES;
				CLANG_WARN_RANGE_LOOP_ANALYSIS = YES;
				CLANG_WARN_STRICT_PROTOTYPES = YES;
				CLANG_WARN_SUSPICIOUS_MOVE = YES;
				CLANG_WARN_UNGUARDED_AVAILABILITY = YES_AGGRESSIVE;
				CLANG_WARN_UNREACHABLE_CODE = YES;
				CLANG_WARN__DUPLICATE_METHOD_MATCH = YES;
				COPY_PHASE_STRIP = NO;
				DEBUG_INFORMATION_FORMAT = dwarf;
				ENABLE_STRICT_OBJC_MSGSEND = YES;
				ENABLE_TESTABILITY = YES;
				GCC_C_LANGUAGE_STANDARD = gnu11;
				GCC_DYNAMIC_NO_PIC = NO;
				GCC_NO_COMMON_BLOCKS = YES;
				GCC_OPTIMIZATION_LEVEL = 0;
				GCC_PREPROCESSOR_DEFINITIONS = (
					"DEBUG=1",
					"$(inherited)",
				);
				GCC_WARN_64_TO_32_BIT_CONVERSION = YES;
				GCC_WARN_ABOUT_RETURN_TYPE = YES_ERROR;
				GCC_WARN_UNDECLARED_SELECTOR = YES;
				GCC_WARN_UNINITIALIZED_AUTOS = YES_AGGRESSIVE;
				GCC_WARN_UNUSED_FUNCTION = YES;
				GCC_WARN_UNUSED_VARIABLE = YES;
				IPHONEOS_DEPLOYMENT_TARGET = 14.0;
				MTL_ENABLE_DEBUG_INFO = INCLUDE_SOURCE;
				MTL_FAST_MATH = YES;
				ONLY_ACTIVE_ARCH = YES;
				SDKROOT = iphoneos;
				SWIFT_ACTIVE_COMPILATION_CONDITIONS = DEBUG;
				SWIFT_OPTIMIZATION_LEVEL = "-Onone";
			};
			name = Debug;
		};
		38199F2724ABE43F006C06CC /* Release */ = {
			isa = XCBuildConfiguration;
			buildSettings = {
				ALWAYS_SEARCH_USER_PATHS = NO;
				CLANG_ANALYZER_NONNULL = YES;
				CLANG_ANALYZER_NUMBER_OBJECT_CONVERSION = YES_AGGRESSIVE;
				CLANG_CXX_LANGUAGE_STANDARD = "gnu++14";
				CLANG_CXX_LIBRARY = "libc++";
				CLANG_ENABLE_MODULES = YES;
				CLANG_ENABLE_OBJC_ARC = YES;
				CLANG_ENABLE_OBJC_WEAK = YES;
				CLANG_WARN_BLOCK_CAPTURE_AUTORELEASING = YES;
				CLANG_WARN_BOOL_CONVERSION = YES;
				CLANG_WARN_COMMA = YES;
				CLANG_WARN_CONSTANT_CONVERSION = YES;
				CLANG_WARN_DEPRECATED_OBJC_IMPLEMENTATIONS = YES;
				CLANG_WARN_DIRECT_OBJC_ISA_USAGE = YES_ERROR;
				CLANG_WARN_DOCUMENTATION_COMMENTS = YES;
				CLANG_WARN_EMPTY_BODY = YES;
				CLANG_WARN_ENUM_CONVERSION = YES;
				CLANG_WARN_INFINITE_RECURSION = YES;
				CLANG_WARN_INT_CONVERSION = YES;
				CLANG_WARN_NON_LITERAL_NULL_CONVERSION = YES;
				CLANG_WARN_OBJC_IMPLICIT_RETAIN_SELF = YES;
				CLANG_WARN_OBJC_LITERAL_CONVERSION = YES;
				CLANG_WARN_OBJC_ROOT_CLASS = YES_ERROR;
				CLANG_WARN_QUOTED_INCLUDE_IN_FRAMEWORK_HEADER = YES;
				CLANG_WARN_RANGE_LOOP_ANALYSIS = YES;
				CLANG_WARN_STRICT_PROTOTYPES = YES;
				CLANG_WARN_SUSPICIOUS_MOVE = YES;
				CLANG_WARN_UNGUARDED_AVAILABILITY = YES_AGGRESSIVE;
				CLANG_WARN_UNREACHABLE_CODE = YES;
				CLANG_WARN__DUPLICATE_METHOD_MATCH = YES;
				COPY_PHASE_STRIP = NO;
				DEBUG_INFORMATION_FORMAT = "dwarf-with-dsym";
				ENABLE_NS_ASSERTIONS = NO;
				ENABLE_STRICT_OBJC_MSGSEND = YES;
				GCC_C_LANGUAGE_STANDARD = gnu11;
				GCC_NO_COMMON_BLOCKS = YES;
				GCC_WARN_64_TO_32_BIT_CONVERSION = YES;
				GCC_WARN_ABOUT_RETURN_TYPE = YES_ERROR;
				GCC_WARN_UNDECLARED_SELECTOR = YES;
				GCC_WARN_UNINITIALIZED_AUTOS = YES_AGGRESSIVE;
				GCC_WARN_UNUSED_FUNCTION = YES;
				GCC_WARN_UNUSED_VARIABLE = YES;
				IPHONEOS_DEPLOYMENT_TARGET = 14.0;
				MTL_ENABLE_DEBUG_INFO = NO;
				MTL_FAST_MATH = YES;
				SDKROOT = iphoneos;
				SWIFT_COMPILATION_MODE = wholemodule;
				SWIFT_OPTIMIZATION_LEVEL = "-O";
				VALIDATE_PRODUCT = YES;
			};
			name = Release;
		};
		38199F2924ABE43F006C06CC /* Debug */ = {
			isa = XCBuildConfiguration;
			buildSettings = {
				ASSETCATALOG_COMPILER_APPICON_NAME = AppIcon;
				ASSETCATALOG_COMPILER_GLOBAL_ACCENT_COLOR_NAME = AccentColor;
				CODE_SIGN_STYLE = Automatic;
				DEVELOPMENT_ASSET_PATHS = "\"Memorize/Preview Content\"";
				DEVELOPMENT_TEAM = S67GUZ7P6T;
				ENABLE_PREVIEWS = YES;
				INFOPLIST_FILE = Memorize/Info.plist;
				IPHONEOS_DEPLOYMENT_TARGET = 14.0;
				LD_RUNPATH_SEARCH_PATHS = (
					"$(inherited)",
					"@executable_path/Frameworks",
				);
				PRODUCT_BUNDLE_IDENTIFIER = com.tribuzy.Memorize;
				PRODUCT_NAME = "$(TARGET_NAME)";
				SWIFT_VERSION = 5.0;
				TARGETED_DEVICE_FAMILY = 1;
			};
			name = Debug;
		};
		38199F2A24ABE43F006C06CC /* Release */ = {
			isa = XCBuildConfiguration;
			buildSettings = {
				ASSETCATALOG_COMPILER_APPICON_NAME = AppIcon;
				ASSETCATALOG_COMPILER_GLOBAL_ACCENT_COLOR_NAME = AccentColor;
				CODE_SIGN_STYLE = Automatic;
				DEVELOPMENT_ASSET_PATHS = "\"Memorize/Preview Content\"";
				DEVELOPMENT_TEAM = S67GUZ7P6T;
				ENABLE_PREVIEWS = YES;
				INFOPLIST_FILE = Memorize/Info.plist;
				IPHONEOS_DEPLOYMENT_TARGET = 14.0;
				LD_RUNPATH_SEARCH_PATHS = (
					"$(inherited)",
					"@executable_path/Frameworks",
				);
				PRODUCT_BUNDLE_IDENTIFIER = com.tribuzy.Memorize;
				PRODUCT_NAME = "$(TARGET_NAME)";
				SWIFT_VERSION = 5.0;
				TARGETED_DEVICE_FAMILY = 1;
			};
			name = Release;
		};
/* End XCBuildConfiguration section */

/* Begin XCConfigurationList section */
		38199F1424ABE43E006C06CC /* Build configuration list for PBXProject "Memorize" */ = {
			isa = XCConfigurationList;
			buildConfigurations = (
				38199F2624ABE43F006C06CC /* Debug */,
				38199F2724ABE43F006C06CC /* Release */,
			);
			defaultConfigurationIsVisible = 0;
			defaultConfigurationName = Release;
		};
		38199F2824ABE43F006C06CC /* Build configuration list for PBXNativeTarget "Memorize" */ = {
			isa = XCConfigurationList;
			buildConfigurations = (
				38199F2924ABE43F006C06CC /* Debug */,
				38199F2A24ABE43F006C06CC /* Release */,
			);
			defaultConfigurationIsVisible = 0;
			defaultConfigurationName = Release;
		};
/* End XCConfigurationList section */
	};
	rootObject = 38199F1124ABE43E006C06CC /* Project object */;
}
